// !$*UTF8*$!
{
	archiveVersion = 1;
	classes = {
	};
	objectVersion = 46;
	objects = {

/* Begin PBXBuildFile section */
		96BF7A621B18E54300CA5028 /* funkySounds in Resources */ = {isa = PBXBuildFile; fileRef = 96BF7A611B18E54300CA5028 /* funkySounds */; };
		96BF7A641B18E57F00CA5028 /* AVFoundation.framework in Frameworks */ = {isa = PBXBuildFile; fileRef = 96BF7A631B18E57F00CA5028 /* AVFoundation.framework */; };
		96E96A641B0FA5BF006B6CA0 /* main.m in Sources */ = {isa = PBXBuildFile; fileRef = 96E96A631B0FA5BF006B6CA0 /* main.m */; };
		96E96A671B0FA5BF006B6CA0 /* AppDelegate.m in Sources */ = {isa = PBXBuildFile; fileRef = 96E96A661B0FA5BF006B6CA0 /* AppDelegate.m */; };
		96E96A6A1B0FA5BF006B6CA0 /* ViewController.m in Sources */ = {isa = PBXBuildFile; fileRef = 96E96A691B0FA5BF006B6CA0 /* ViewController.m */; };
		96E96A6D1B0FA5BF006B6CA0 /* Main.storyboard in Resources */ = {isa = PBXBuildFile; fileRef = 96E96A6B1B0FA5BF006B6CA0 /* Main.storyboard */; };
		96E96A6F1B0FA5BF006B6CA0 /* Images.xcassets in Resources */ = {isa = PBXBuildFile; fileRef = 96E96A6E1B0FA5BF006B6CA0 /* Images.xcassets */; };
		96E96A721B0FA5BF006B6CA0 /* LaunchScreen.xib in Resources */ = {isa = PBXBuildFile; fileRef = 96E96A701B0FA5BF006B6CA0 /* LaunchScreen.xib */; };
		96E96A7E1B0FA5BF006B6CA0 /* ShakeDetectTests.m in Sources */ = {isa = PBXBuildFile; fileRef = 96E96A7D1B0FA5BF006B6CA0 /* ShakeDetectTests.m */; };
		96E96ABA1B12C8DA006B6CA0 /* words.plist in Resources */ = {isa = PBXBuildFile; fileRef = 96E96AB91B12C8DA006B6CA0 /* words.plist */; };
/* End PBXBuildFile section */

/* Begin PBXContainerItemProxy section */
		96E96A781B0FA5BF006B6CA0 /* PBXContainerItemProxy */ = {
			isa = PBXContainerItemProxy;
			containerPortal = 96E96A561B0FA5BF006B6CA0 /* Project object */;
			proxyType = 1;
			remoteGlobalIDString = 96E96A5D1B0FA5BF006B6CA0;
			remoteInfo = ShakeDetect;
		};
/* End PBXContainerItemProxy section */

/* Begin PBXFileReference section */
		96BF7A611B18E54300CA5028 /* funkySounds */ = {isa = PBXFileReference; lastKnownFileType = folder; path = funkySounds; sourceTree = "<group>"; };
		96BF7A631B18E57F00CA5028 /* AVFoundation.framework */ = {isa = PBXFileReference; lastKnownFileType = wrapper.framework; name = AVFoundation.framework; path = System/Library/Frameworks/AVFoundation.framework; sourceTree = SDKROOT; };
		96E96A5E1B0FA5BF006B6CA0 /* ShakeDetect.app */ = {isa = PBXFileReference; explicitFileType = wrapper.application; includeInIndex = 0; path = ShakeDetect.app; sourceTree = BUILT_PRODUCTS_DIR; };
		96E96A621B0FA5BF006B6CA0 /* Info.plist */ = {isa = PBXFileReference; lastKnownFileType = text.plist.xml; path = Info.plist; sourceTree = "<group>"; };
		96E96A631B0FA5BF006B6CA0 /* main.m */ = {isa = PBXFileReference; lastKnownFileType = sourcecode.c.objc; path = main.m; sourceTree = "<group>"; };
		96E96A651B0FA5BF006B6CA0 /* AppDelegate.h */ = {isa = PBXFileReference; lastKnownFileType = sourcecode.c.h; path = AppDelegate.h; sourceTree = "<group>"; };
		96E96A661B0FA5BF006B6CA0 /* AppDelegate.m */ = {isa = PBXFileReference; lastKnownFileType = sourcecode.c.objc; path = AppDelegate.m; sourceTree = "<group>"; };
		96E96A681B0FA5BF006B6CA0 /* ViewController.h */ = {isa = PBXFileReference; lastKnownFileType = sourcecode.c.h; path = ViewController.h; sourceTree = "<group>"; };
		96E96A691B0FA5BF006B6CA0 /* ViewController.m */ = {isa = PBXFileReference; lastKnownFileType = sourcecode.c.objc; path = ViewController.m; sourceTree = "<group>"; };
		96E96A6C1B0FA5BF006B6CA0 /* Base */ = {isa = PBXFileReference; lastKnownFileType = file.storyboard; name = Base; path = Base.lproj/Main.storyboard; sourceTree = "<group>"; };
		96E96A6E1B0FA5BF006B6CA0 /* Images.xcassets */ = {isa = PBXFileReference; lastKnownFileType = folder.assetcatalog; path = Images.xcassets; sourceTree = "<group>"; };
		96E96A711B0FA5BF006B6CA0 /* Base */ = {isa = PBXFileReference; lastKnownFileType = file.xib; name = Base; path = Base.lproj/LaunchScreen.xib; sourceTree = "<group>"; };
		96E96A771B0FA5BF006B6CA0 /* ShakeDetectTests.xctest */ = {isa = PBXFileReference; explicitFileType = wrapper.cfbundle; includeInIndex = 0; path = ShakeDetectTests.xctest; sourceTree = BUILT_PRODUCTS_DIR; };
		96E96A7C1B0FA5BF006B6CA0 /* Info.plist */ = {isa = PBXFileReference; lastKnownFileType = text.plist.xml; path = Info.plist; sourceTree = "<group>"; };
		96E96A7D1B0FA5BF006B6CA0 /* ShakeDetectTests.m */ = {isa = PBXFileReference; lastKnownFileType = sourcecode.c.objc; path = ShakeDetectTests.m; sourceTree = "<group>"; };
		96E96AB91B12C8DA006B6CA0 /* words.plist */ = {isa = PBXFileReference; fileEncoding = 4; lastKnownFileType = text.plist.xml; path = words.plist; sourceTree = "<group>"; };
/* End PBXFileReference section */

/* Begin PBXFrameworksBuildPhase section */
		96E96A5B1B0FA5BF006B6CA0 /* Frameworks */ = {
			isa = PBXFrameworksBuildPhase;
			buildActionMask = 2147483647;
			files = (
				96BF7A641B18E57F00CA5028 /* AVFoundation.framework in Frameworks */,
			);
			runOnlyForDeploymentPostprocessing = 0;
		};
		96E96A741B0FA5BF006B6CA0 /* Frameworks */ = {
			isa = PBXFrameworksBuildPhase;
			buildActionMask = 2147483647;
			files = (
			);
			runOnlyForDeploymentPostprocessing = 0;
		};
/* End PBXFrameworksBuildPhase section */

/* Begin PBXGroup section */
		96E96A551B0FA5BF006B6CA0 = {
			isa = PBXGroup;
			children = (
				96BF7A611B18E54300CA5028 /* funkySounds */,
				96E96A601B0FA5BF006B6CA0 /* ShakeDetect */,
				96E96A7A1B0FA5BF006B6CA0 /* ShakeDetectTests */,
				96E96A5F1B0FA5BF006B6CA0 /* Products */,
			);
			sourceTree = "<group>";
		};
		96E96A5F1B0FA5BF006B6CA0 /* Products */ = {
			isa = PBXGroup;
			children = (
				96E96A5E1B0FA5BF006B6CA0 /* ShakeDetect.app */,
				96E96A771B0FA5BF006B6CA0 /* ShakeDetectTests.xctest */,
			);
			name = Products;
			sourceTree = "<group>";
		};
		96E96A601B0FA5BF006B6CA0 /* ShakeDetect */ = {
			isa = PBXGroup;
			children = (
				96E96A651B0FA5BF006B6CA0 /* AppDelegate.h */,
				96E96A661B0FA5BF006B6CA0 /* AppDelegate.m */,
				96E96A681B0FA5BF006B6CA0 /* ViewController.h */,
				96E96A691B0FA5BF006B6CA0 /* ViewController.m */,
				96E96AB91B12C8DA006B6CA0 /* words.plist */,
				96E96A6B1B0FA5BF006B6CA0 /* Main.storyboard */,
				96E96A6E1B0FA5BF006B6CA0 /* Images.xcassets */,
				96E96A701B0FA5BF006B6CA0 /* LaunchScreen.xib */,
				96BF7A631B18E57F00CA5028 /* AVFoundation.framework */,
				96E96A611B0FA5BF006B6CA0 /* Supporting Files */,
			);
			path = ShakeDetect;
			sourceTree = "<group>";
		};
		96E96A611B0FA5BF006B6CA0 /* Supporting Files */ = {
			isa = PBXGroup;
			children = (
				96E96A621B0FA5BF006B6CA0 /* Info.plist */,
				96E96A631B0FA5BF006B6CA0 /* main.m */,
			);
			name = "Supporting Files";
			sourceTree = "<group>";
		};
		96E96A7A1B0FA5BF006B6CA0 /* ShakeDetectTests */ = {
			isa = PBXGroup;
			children = (
				96E96A7D1B0FA5BF006B6CA0 /* ShakeDetectTests.m */,
				96E96A7B1B0FA5BF006B6CA0 /* Supporting Files */,
			);
			path = ShakeDetectTests;
			sourceTree = "<group>";
		};
		96E96A7B1B0FA5BF006B6CA0 /* Supporting Files */ = {
			isa = PBXGroup;
			children = (
				96E96A7C1B0FA5BF006B6CA0 /* Info.plist */,
			);
			name = "Supporting Files";
			sourceTree = "<group>";
		};
/* End PBXGroup section */

/* Begin PBXNativeTarget section */
		96E96A5D1B0FA5BF006B6CA0 /* ShakeDetect */ = {
			isa = PBXNativeTarget;
			buildConfigurationList = 96E96A811B0FA5BF006B6CA0 /* Build configuration list for PBXNativeTarget "ShakeDetect" */;
			buildPhases = (
				96E96A5A1B0FA5BF006B6CA0 /* Sources */,
				96E96A5B1B0FA5BF006B6CA0 /* Frameworks */,
				96E96A5C1B0FA5BF006B6CA0 /* Resources */,
			);
			buildRules = (
			);
			dependencies = (
			);
			name = ShakeDetect;
			productName = ShakeDetect;
			productReference = 96E96A5E1B0FA5BF006B6CA0 /* ShakeDetect.app */;
			productType = "com.apple.product-type.application";
		};
		96E96A761B0FA5BF006B6CA0 /* ShakeDetectTests */ = {
			isa = PBXNativeTarget;
			buildConfigurationList = 96E96A841B0FA5BF006B6CA0 /* Build configuration list for PBXNativeTarget "ShakeDetectTests" */;
			buildPhases = (
				96E96A731B0FA5BF006B6CA0 /* Sources */,
				96E96A741B0FA5BF006B6CA0 /* Frameworks */,
				96E96A751B0FA5BF006B6CA0 /* Resources */,
			);
			buildRules = (
			);
			dependencies = (
				96E96A791B0FA5BF006B6CA0 /* PBXTargetDependency */,
			);
			name = ShakeDetectTests;
			productName = ShakeDetectTests;
			productReference = 96E96A771B0FA5BF006B6CA0 /* ShakeDetectTests.xctest */;
			productType = "com.apple.product-type.bundle.unit-test";
		};
/* End PBXNativeTarget section */

/* Begin PBXProject section */
		96E96A561B0FA5BF006B6CA0 /* Project object */ = {
			isa = PBXProject;
			attributes = {
				LastUpgradeCheck = 0630;
				ORGANIZATIONNAME = "Bianca Binstock";
				TargetAttributes = {
					96E96A5D1B0FA5BF006B6CA0 = {
						CreatedOnToolsVersion = 6.3.1;
					};
					96E96A761B0FA5BF006B6CA0 = {
						CreatedOnToolsVersion = 6.3.1;
						TestTargetID = 96E96A5D1B0FA5BF006B6CA0;
					};
				};
			};
			buildConfigurationList = 96E96A591B0FA5BF006B6CA0 /* Build configuration list for PBXProject "ShakeDetect" */;
			compatibilityVersion = "Xcode 3.2";
			developmentRegion = English;
			hasScannedForEncodings = 0;
			knownRegions = (
				en,
				Base,
			);
			mainGroup = 96E96A551B0FA5BF006B6CA0;
			productRefGroup = 96E96A5F1B0FA5BF006B6CA0 /* Products */;
			projectDirPath = "";
			projectRoot = "";
			targets = (
				96E96A5D1B0FA5BF006B6CA0 /* ShakeDetect */,
				96E96A761B0FA5BF006B6CA0 /* ShakeDetectTests */,
			);
		};
/* End PBXProject section */

/* Begin PBXResourcesBuildPhase section */
		96E96A5C1B0FA5BF006B6CA0 /* Resources */ = {
			isa = PBXResourcesBuildPhase;
			buildActionMask = 2147483647;
			files = (
				96BF7A621B18E54300CA5028 /* funkySounds in Resources */,
				96E96A6D1B0FA5BF006B6CA0 /* Main.storyboard in Resources */,
				96E96A721B0FA5BF006B6CA0 /* LaunchScreen.xib in Resources */,
				96E96ABA1B12C8DA006B6CA0 /* words.plist in Resources */,
				96E96A6F1B0FA5BF006B6CA0 /* Images.xcassets in Resources */,
			);
			runOnlyForDeploymentPostprocessing = 0;
		};
		96E96A751B0FA5BF006B6CA0 /* Resources */ = {
			isa = PBXResourcesBuildPhase;
			buildActionMask = 2147483647;
			files = (
			);
			runOnlyForDeploymentPostprocessing = 0;
		};
/* End PBXResourcesBuildPhase section */

/* Begin PBXSourcesBuildPhase section */
		96E96A5A1B0FA5BF006B6CA0 /* Sources */ = {
			isa = PBXSourcesBuildPhase;
			buildActionMask = 2147483647;
			files = (
				96E96A6A1B0FA5BF006B6CA0 /* ViewController.m in Sources */,
				96E96A671B0FA5BF006B6CA0 /* AppDelegate.m in Sources */,
				96E96A641B0FA5BF006B6CA0 /* main.m in Sources */,
			);
			runOnlyForDeploymentPostprocessing = 0;
		};
		96E96A731B0FA5BF006B6CA0 /* Sources */ = {
			isa = PBXSourcesBuildPhase;
			buildActionMask = 2147483647;
			files = (
				96E96A7E1B0FA5BF006B6CA0 /* ShakeDetectTests.m in Sources */,
			);
			runOnlyForDeploymentPostprocessing = 0;
		};
/* End PBXSourcesBuildPhase section */

/* Begin PBXTargetDependency section */
		96E96A791B0FA5BF006B6CA0 /* PBXTargetDependency */ = {
			isa = PBXTargetDependency;
			target = 96E96A5D1B0FA5BF006B6CA0 /* ShakeDetect */;
			targetProxy = 96E96A781B0FA5BF006B6CA0 /* PBXContainerItemProxy */;
		};
/* End PBXTargetDependency section */

/* Begin PBXVariantGroup section */
		96E96A6B1B0FA5BF006B6CA0 /* Main.storyboard */ = {
			isa = PBXVariantGroup;
			children = (
				96E96A6C1B0FA5BF006B6CA0 /* Base */,
			);
			name = Main.storyboard;
			sourceTree = "<group>";
		};
		96E96A701B0FA5BF006B6CA0 /* LaunchScreen.xib */ = {
			isa = PBXVariantGroup;
			children = (
				96E96A711B0FA5BF006B6CA0 /* Base */,
			);
			name = LaunchScreen.xib;
			sourceTree = "<group>";
		};
/* End PBXVariantGroup section */

/* Begin XCBuildConfiguration section */
		96E96A7F1B0FA5BF006B6CA0 /* Debug */ = {
			isa = XCBuildConfiguration;
			buildSettings = {
				ALWAYS_SEARCH_USER_PATHS = NO;
				CLANG_CXX_LANGUAGE_STANDARD = "gnu++0x";
				CLANG_CXX_LIBRARY = "libc++";
				CLANG_ENABLE_MODULES = YES;
				CLANG_ENABLE_OBJC_ARC = YES;
				CLANG_WARN_BOOL_CONVERSION = YES;
				CLANG_WARN_CONSTANT_CONVERSION = YES;
				CLANG_WARN_DIRECT_OBJC_ISA_USAGE = YES_ERROR;
				CLANG_WARN_EMPTY_BODY = YES;
				CLANG_WARN_ENUM_CONVERSION = YES;
				CLANG_WARN_INT_CONVERSION = YES;
				CLANG_WARN_OBJC_ROOT_CLASS = YES_ERROR;
				CLANG_WARN_UNREACHABLE_CODE = YES;
				CLANG_WARN__DUPLICATE_METHOD_MATCH = YES;
				"CODE_SIGN_IDENTITY[sdk=iphoneos*]" = "iPhone Developer";
				COPY_PHASE_STRIP = NO;
				DEBUG_INFORMATION_FORMAT = "dwarf-with-dsym";
				ENABLE_STRICT_OBJC_MSGSEND = YES;
				GCC_C_LANGUAGE_STANDARD = gnu99;
				GCC_DYNAMIC_NO_PIC = NO;
				GCC_NO_COMMON_BLOCKS = YES;
				GCC_OPTIMIZATION_LEVEL = 0;
				GCC_PREPROCESSOR_DEFINITIONS = (
					"DEBUG=1",
					"$(inherited)",
				);
				GCC_SYMBOLS_PRIVATE_EXTERN = NO;
				GCC_WARN_64_TO_32_BIT_CONVERSION = YES;
				GCC_WARN_ABOUT_RETURN_TYPE = YES_ERROR;
				GCC_WARN_UNDECLARED_SELECTOR = YES;
				GCC_WARN_UNINITIALIZED_AUTOS = YES_AGGRESSIVE;
				GCC_WARN_UNUSED_FUNCTION = YES;
				GCC_WARN_UNUSED_VARIABLE = YES;
				IPHONEOS_DEPLOYMENT_TARGET = 8.3;
				MTL_ENABLE_DEBUG_INFO = YES;
				ONLY_ACTIVE_ARCH = YES;
				SDKROOT = iphoneos;
			};
			name = Debug;
		};
		96E96A801B0FA5BF006B6CA0 /* Release */ = {
			isa = XCBuildConfiguration;
			buildSettings = {
				ALWAYS_SEARCH_USER_PATHS = NO;
				CLANG_CXX_LANGUAGE_STANDARD = "gnu++0x";
				CLANG_CXX_LIBRARY = "libc++";
				CLANG_ENABLE_MODULES = YES;
				CLANG_ENABLE_OBJC_ARC = YES;
				CLANG_WARN_BOOL_CONVERSION = YES;
				CLANG_WARN_CONSTANT_CONVERSION = YES;
				CLANG_WARN_DIRECT_OBJC_ISA_USAGE = YES_ERROR;
				CLANG_WARN_EMPTY_BODY = YES;
				CLANG_WARN_ENUM_CONVERSION = YES;
				CLANG_WARN_INT_CONVERSION = YES;
				CLANG_WARN_OBJC_ROOT_CLASS = YES_ERROR;
				CLANG_WARN_UNREACHABLE_CODE = YES;
				CLANG_WARN__DUPLICATE_METHOD_MATCH = YES;
				"CODE_SIGN_IDENTITY[sdk=iphoneos*]" = "iPhone Developer";
				COPY_PHASE_STRIP = NO;
				DEBUG_INFORMATION_FORMAT = "dwarf-with-dsym";
				ENABLE_NS_ASSERTIONS = NO;
				ENABLE_STRICT_OBJC_MSGSEND = YES;
				GCC_C_LANGUAGE_STANDARD = gnu99;
				GCC_NO_COMMON_BLOCKS = YES;
				GCC_WARN_64_TO_32_BIT_CONVERSION = YES;
				GCC_WARN_ABOUT_RETURN_TYPE = YES_ERROR;
				GCC_WARN_UNDECLARED_SELECTOR = YES;
				GCC_WARN_UNINITIALIZED_AUTOS = YES_AGGRESSIVE;
				GCC_WARN_UNUSED_FUNCTION = YES;
				GCC_WARN_UNUSED_VARIABLE = YES;
				IPHONEOS_DEPLOYMENT_TARGET = 8.3;
				MTL_ENABLE_DEBUG_INFO = NO;
				SDKROOT = iphoneos;
				VALIDATE_PRODUCT = YES;
			};
			name = Release;
		};
		96E96A821B0FA5BF006B6CA0 /* Debug */ = {
			isa = XCBuildConfiguration;
			buildSettings = {
				ASSETCATALOG_COMPILER_APPICON_NAME = AppIcon;
				INFOPLIST_FILE = ShakeDetect/Info.plist;
				LD_RUNPATH_SEARCH_PATHS = "$(inherited) @executable_path/Frameworks";
				PRODUCT_NAME = "$(TARGET_NAME)";
			};
			name = Debug;
		};
		96E96A831B0FA5BF006B6CA0 /* Release */ = {
			isa = XCBuildConfiguration;
			buildSettings = {
				ASSETCATALOG_COMPILER_APPICON_NAME = AppIcon;
				INFOPLIST_FILE = ShakeDetect/Info.plist;
				LD_RUNPATH_SEARCH_PATHS = "$(inherited) @executable_path/Frameworks";
				PRODUCT_NAME = "$(TARGET_NAME)";
			};
			name = Release;
		};
		96E96A851B0FA5BF006B6CA0 /* Debug */ = {
			isa = XCBuildConfiguration;
			buildSettings = {
				BUNDLE_LOADER = "$(TEST_HOST)";
				FRAMEWORK_SEARCH_PATHS = (
					"$(SDKROOT)/Developer/Library/Frameworks",
					"$(inherited)",
				);
				GCC_PREPROCESSOR_DEFINITIONS = (
					"DEBUG=1",
					"$(inherited)",
				);
				INFOPLIST_FILE = ShakeDetectTests/Info.plist;
				LD_RUNPATH_SEARCH_PATHS = "$(inherited) @executable_path/Frameworks @loader_path/Frameworks";
				PRODUCT_NAME = "$(TARGET_NAME)";
				TEST_HOST = "$(BUILT_PRODUCTS_DIR)/ShakeDetect.app/ShakeDetect";
			};
			name = Debug;
		};
		96E96A861B0FA5BF006B6CA0 /* Release */ = {
			isa = XCBuildConfiguration;
			buildSettings = {
				BUNDLE_LOADER = "$(TEST_HOST)";
				FRAMEWORK_SEARCH_PATHS = (
					"$(SDKROOT)/Developer/Library/Frameworks",
					"$(inherited)",
				);
				INFOPLIST_FILE = ShakeDetectTests/Info.plist;
				LD_RUNPATH_SEARCH_PATHS = "$(inherited) @executable_path/Frameworks @loader_path/Frameworks";
				PRODUCT_NAME = "$(TARGET_NAME)";
				TEST_HOST = "$(BUILT_PRODUCTS_DIR)/ShakeDetect.app/ShakeDetect";
			};
			name = Release;
		};
/* End XCBuildConfiguration section */

/* Begin XCConfigurationList section */
		96E96A591B0FA5BF006B6CA0 /* Build configuration list for PBXProject "ShakeDetect" */ = {
			isa = XCConfigurationList;
			buildConfigurations = (
				96E96A7F1B0FA5BF006B6CA0 /* Debug */,
				96E96A801B0FA5BF006B6CA0 /* Release */,
			);
			defaultConfigurationIsVisible = 0;
			defaultConfigurationName = Release;
		};
		96E96A811B0FA5BF006B6CA0 /* Build configuration list for PBXNativeTarget "ShakeDetect" */ = {
			isa = XCConfigurationList;
			buildConfigurations = (
				96E96A821B0FA5BF006B6CA0 /* Debug */,
				96E96A831B0FA5BF006B6CA0 /* Release */,
			);
			defaultConfigurationIsVisible = 0;
			defaultConfigurationName = Release;
		};
		96E96A841B0FA5BF006B6CA0 /* Build configuration list for PBXNativeTarget "ShakeDetectTests" */ = {
			isa = XCConfigurationList;
			buildConfigurations = (
				96E96A851B0FA5BF006B6CA0 /* Debug */,
				96E96A861B0FA5BF006B6CA0 /* Release */,
			);
			defaultConfigurationIsVisible = 0;
			defaultConfigurationName = Release;
		};
/* End XCConfigurationList section */
	};
	rootObject = 96E96A561B0FA5BF006B6CA0 /* Project object */;
}
